// !$*UTF8*$!
{
	archiveVersion = 1;
	classes = {
	};
	objectVersion = 46;
	objects = {

/* Begin PBXBuildFile section */
		931404C5197D84F0004D4447 /* FBUEditRecipeViewController.m in Sources */ = {isa = PBXBuildFile; fileRef = 931404C4197D84F0004D4447 /* FBUEditRecipeViewController.m */; };
		931404C9197F03F9004D4447 /* FBUBucketListItem.m in Sources */ = {isa = PBXBuildFile; fileRef = 931404C8197F03F9004D4447 /* FBUBucketListItem.m */; };
		9367F83C1995BF100099354D /* fork&knife.png in Resources */ = {isa = PBXBuildFile; fileRef = 9367F83B1995BF100099354D /* fork&knife.png */; };
		9384F8D519992C460035DFEC /* dining.png in Resources */ = {isa = PBXBuildFile; fileRef = 9384F8D419992C460035DFEC /* dining.png */; };
		939F6E90199C0D0100FE90AF /* fb.png in Resources */ = {isa = PBXBuildFile; fileRef = 939F6E8F199C0D0100FE90AF /* fb.png */; };
		939F6E92199C17B600FE90AF /* MainBG.png in Resources */ = {isa = PBXBuildFile; fileRef = 939F6E91199C17B600FE90AF /* MainBG.png */; };
		939F6E94199C17C500FE90AF /* fbDown.png in Resources */ = {isa = PBXBuildFile; fileRef = 939F6E93199C17C500FE90AF /* fbDown.png */; };
		939F6E96199C180800FE90AF /* Logo.png in Resources */ = {isa = PBXBuildFile; fileRef = 939F6E95199C180800FE90AF /* Logo.png */; };
		939F6EA0199C254E00FE90AF /* loginField.png in Resources */ = {isa = PBXBuildFile; fileRef = 939F6E9F199C254E00FE90AF /* loginField.png */; };
		939F6EA5199C352000FE90AF /* login.png in Resources */ = {isa = PBXBuildFile; fileRef = 939F6EA1199C352000FE90AF /* login.png */; };
		939F6EA6199C352000FE90AF /* loginDown.png in Resources */ = {isa = PBXBuildFile; fileRef = 939F6EA2199C352000FE90AF /* loginDown.png */; };
		939F6EAB199C3A7300FE90AF /* signup.png in Resources */ = {isa = PBXBuildFile; fileRef = 939F6EA9199C3A7300FE90AF /* signup.png */; };
		939F6EB0199C407A00FE90AF /* dismiss.png in Resources */ = {isa = PBXBuildFile; fileRef = 939F6EAF199C407A00FE90AF /* dismiss.png */; };
		939F6EB2199C4CCE00FE90AF /* signupField.png in Resources */ = {isa = PBXBuildFile; fileRef = 939F6EB1199C4CCE00FE90AF /* signupField.png */; };
		939F6EB4199C527200FE90AF /* signupDown.png in Resources */ = {isa = PBXBuildFile; fileRef = 939F6EB3199C527200FE90AF /* signupDown.png */; };
		939F6EB6199C529A00FE90AF /* orLabel.png in Resources */ = {isa = PBXBuildFile; fileRef = 939F6EB5199C529A00FE90AF /* orLabel.png */; };
		939F6EB8199C545D00FE90AF /* signupLabel.png in Resources */ = {isa = PBXBuildFile; fileRef = 939F6EB7199C545D00FE90AF /* signupLabel.png */; };
		93A1E3C5199BD54100D5DEB9 /* pin.png in Resources */ = {isa = PBXBuildFile; fileRef = 93A1E3C4199BD54100D5DEB9 /* pin.png */; };
		93B8D2741982BE96009F2D16 /* MapKit.framework in Frameworks */ = {isa = PBXBuildFile; fileRef = 93B8D2731982BE96009F2D16 /* MapKit.framework */; };
		93D9D35C19916B9600ABCC5B /* FBUCollectionCellBackgroundView.m in Sources */ = {isa = PBXBuildFile; fileRef = 93D9D35B19916B9600ABCC5B /* FBUCollectionCellBackgroundView.m */; };
		93D9D35F19916BEB00ABCC5B /* FBUCollectionViewLayout.m in Sources */ = {isa = PBXBuildFile; fileRef = 93D9D35E19916BEB00ABCC5B /* FBUCollectionViewLayout.m */; };
		93E4BC2F1979C89800074647 /* FBURecipeViewController.m in Sources */ = {isa = PBXBuildFile; fileRef = 93E4BC2E1979C89800074647 /* FBURecipeViewController.m */; };
		93ED1EE0198849F9000CF446 /* FBUMapAnnotation.m in Sources */ = {isa = PBXBuildFile; fileRef = 93ED1EDF198849F9000CF446 /* FBUMapAnnotation.m */; };
		93ED1EE31989A5C6000CF446 /* FBURecipeDishViewController.m in Sources */ = {isa = PBXBuildFile; fileRef = 93ED1EE21989A5C6000CF446 /* FBURecipeDishViewController.m */; };
		93ED1EE81989B675000CF446 /* FBURecipeSegue.m in Sources */ = {isa = PBXBuildFile; fileRef = 93ED1EE71989B675000CF446 /* FBURecipeSegue.m */; };
		93ED1EEC1989BC17000CF446 /* FBURecipeIngredientViewController.m in Sources */ = {isa = PBXBuildFile; fileRef = 93ED1EEB1989BC17000CF446 /* FBURecipeIngredientViewController.m */; };
		93ED1EEF1989BC36000CF446 /* FBURecipeDirectionsViewController.m in Sources */ = {isa = PBXBuildFile; fileRef = 93ED1EEE1989BC36000CF446 /* FBURecipeDirectionsViewController.m */; };
		93ED1EF31989BC90000CF446 /* FBURecipeContainerViewController.m in Sources */ = {isa = PBXBuildFile; fileRef = 93ED1EF21989BC90000CF446 /* FBURecipeContainerViewController.m */; };
		93F1D0CB197488C2000A1E0E /* FacebookSDK.framework in Frameworks */ = {isa = PBXBuildFile; fileRef = 93F1D0CA197488C2000A1E0E /* FacebookSDK.framework */; };
		93F1D0CD197488EB000A1E0E /* FBUserSettingsViewResources.bundle in Resources */ = {isa = PBXBuildFile; fileRef = 93F1D0CC197488EB000A1E0E /* FBUserSettingsViewResources.bundle */; };
		93F248C61981AEC400FC82BD /* FBUSignUpViewController.m in Sources */ = {isa = PBXBuildFile; fileRef = 93F248C51981AEC400FC82BD /* FBUSignUpViewController.m */; };
		93F248D31981D86300FC82BD /* FBULogInViewController.m in Sources */ = {isa = PBXBuildFile; fileRef = 93F248D21981D86300FC82BD /* FBULogInViewController.m */; };
		9607499D1978985C00853E97 /* FBUGroupsViewController.m in Sources */ = {isa = PBXBuildFile; fileRef = 9607499C1978985C00853E97 /* FBUGroupsViewController.m */; };
		9663F083199736FF00B69649 /* FBURecipesYummylyViewController.m in Sources */ = {isa = PBXBuildFile; fileRef = 9663F082199736FF00B69649 /* FBURecipesYummylyViewController.m */; };
		9663F089199840F900B69649 /* RecipeList.jpg in Resources */ = {isa = PBXBuildFile; fileRef = 9663F088199840F900B69649 /* RecipeList.jpg */; };
		966554D61973B28700DDBED0 /* FBUEditProfileViewController.m in Sources */ = {isa = PBXBuildFile; fileRef = 966554D51973B28700DDBED0 /* FBUEditProfileViewController.m */; };
		966554D9197443B200DDBED0 /* FBUBucketListDetailViewController.m in Sources */ = {isa = PBXBuildFile; fileRef = 966554D8197443B200DDBED0 /* FBUBucketListDetailViewController.m */; };
		966554DF197450B500DDBED0 /* FBUBucketListItemsViewController.m in Sources */ = {isa = PBXBuildFile; fileRef = 966554DE197450B500DDBED0 /* FBUBucketListItemsViewController.m */; };
		9681146F199A8F4200039BAB /* FBUYummlyRecipeCell.m in Sources */ = {isa = PBXBuildFile; fileRef = 9681146E199A8F4200039BAB /* FBUYummlyRecipeCell.m */; };
		968134311994B8EC00F48BD0 /* Imagination.jpg in Resources */ = {isa = PBXBuildFile; fileRef = 968134301994B8EC00F48BD0 /* Imagination.jpg */; };
		969C8E6D1983060400D0E7B3 /* FBUMembersViewController.m in Sources */ = {isa = PBXBuildFile; fileRef = 969C8E6C1983060400D0E7B3 /* FBUMembersViewController.m */; };
		969C8EAB199157E000D0E7B3 /* FBUGroupCollectionViewCell.m in Sources */ = {isa = PBXBuildFile; fileRef = 969C8EAA199157E000D0E7B3 /* FBUGroupCollectionViewCell.m */; };
		969C8EAD1992B8C600D0E7B3 /* BucketList.png in Resources */ = {isa = PBXBuildFile; fileRef = 969C8EAC1992B8C600D0E7B3 /* BucketList.png */; };
		96BC1E821992D95F009953A4 /* New.png in Resources */ = {isa = PBXBuildFile; fileRef = 96BC1E811992D95F009953A4 /* New.png */; };
		96BC1E841992F6DB009953A4 /* BucketListBackground.jpg in Resources */ = {isa = PBXBuildFile; fileRef = 96BC1E831992F6DB009953A4 /* BucketListBackground.jpg */; };
		96C1E241197D825300266DB8 /* FBUBucketListViewController.m in Sources */ = {isa = PBXBuildFile; fileRef = 96C1E240197D825300266DB8 /* FBUBucketListViewController.m */; };
		96C1E245197F01DF00266DB8 /* FBUExploreViewController.m in Sources */ = {isa = PBXBuildFile; fileRef = 96C1E244197F01DF00266DB8 /* FBUExploreViewController.m */; };
		96EBDE8F1970AF1300DE0033 /* FBUGroupsListViewController.m in Sources */ = {isa = PBXBuildFile; fileRef = 96EBDE8E1970AF1300DE0033 /* FBUGroupsListViewController.m */; };
		D25A4C9C199581D400267D35 /* FBUGroceryListViewController.m in Sources */ = {isa = PBXBuildFile; fileRef = D25A4C9B199581D400267D35 /* FBUGroceryListViewController.m */; };
		D25A4CDB199845FD00267D35 /* FBURecipeCollectionViewCell.m in Sources */ = {isa = PBXBuildFile; fileRef = D25A4CDA199845FD00267D35 /* FBURecipeCollectionViewCell.m */; };
		D260A3161991B57A006BBBDE /* FBUEventCollectionViewCell.m in Sources */ = {isa = PBXBuildFile; fileRef = D260A3151991B57A006BBBDE /* FBUEventCollectionViewCell.m */; };
		D28632CB19772779007BBD28 /* FBUGroupsDetailViewController.m in Sources */ = {isa = PBXBuildFile; fileRef = D28632C919772779007BBD28 /* FBUGroupsDetailViewController.m */; };
		D28632DB197F1E0B007BBD28 /* FBUEventDetailViewController.m in Sources */ = {isa = PBXBuildFile; fileRef = D28632DA197F1E0B007BBD28 /* FBUEventDetailViewController.m */; };
		D28632DE197F1E4C007BBD28 /* FBUEventViewController.m in Sources */ = {isa = PBXBuildFile; fileRef = D28632DD197F1E4C007BBD28 /* FBUEventViewController.m */; };
		D295F9971975FBB3000ED2C1 /* FBUGroup.m in Sources */ = {isa = PBXBuildFile; fileRef = D295F9961975FBB3000ED2C1 /* FBUGroup.m */; };
		D295F99A1976028F000ED2C1 /* FBUEvent.m in Sources */ = {isa = PBXBuildFile; fileRef = D295F9991976028F000ED2C1 /* FBUEvent.m */; };
		D295F99D1976029D000ED2C1 /* FBURecipe.m in Sources */ = {isa = PBXBuildFile; fileRef = D295F99C1976029D000ED2C1 /* FBURecipe.m */; };
		D295F9A019760D68000ED2C1 /* FBUGroceryList.m in Sources */ = {isa = PBXBuildFile; fileRef = D295F99F19760D68000ED2C1 /* FBUGroceryList.m */; };
		D2A2CC091999656600D25005 /* FBUUserCollectionViewCell.m in Sources */ = {isa = PBXBuildFile; fileRef = D2A2CC081999656600D25005 /* FBUUserCollectionViewCell.m */; };
		D2AF549E1970595E00F0A0F2 /* Foundation.framework in Frameworks */ = {isa = PBXBuildFile; fileRef = D2AF549D1970595E00F0A0F2 /* Foundation.framework */; };
		D2AF54A01970595E00F0A0F2 /* CoreGraphics.framework in Frameworks */ = {isa = PBXBuildFile; fileRef = D2AF549F1970595E00F0A0F2 /* CoreGraphics.framework */; };
		D2AF54A21970595E00F0A0F2 /* UIKit.framework in Frameworks */ = {isa = PBXBuildFile; fileRef = D2AF54A11970595E00F0A0F2 /* UIKit.framework */; };
		D2AF54A81970595F00F0A0F2 /* InfoPlist.strings in Resources */ = {isa = PBXBuildFile; fileRef = D2AF54A61970595F00F0A0F2 /* InfoPlist.strings */; };
		D2AF54AA1970595F00F0A0F2 /* main.m in Sources */ = {isa = PBXBuildFile; fileRef = D2AF54A91970595F00F0A0F2 /* main.m */; };
		D2AF54AE1970595F00F0A0F2 /* FBUAppDelegate.m in Sources */ = {isa = PBXBuildFile; fileRef = D2AF54AD1970595F00F0A0F2 /* FBUAppDelegate.m */; };
		D2AF54B01970595F00F0A0F2 /* Images.xcassets in Resources */ = {isa = PBXBuildFile; fileRef = D2AF54AF1970595F00F0A0F2 /* Images.xcassets */; };
		D2AF54B71970595F00F0A0F2 /* XCTest.framework in Frameworks */ = {isa = PBXBuildFile; fileRef = D2AF54B61970595F00F0A0F2 /* XCTest.framework */; };
		D2AF54B81970595F00F0A0F2 /* Foundation.framework in Frameworks */ = {isa = PBXBuildFile; fileRef = D2AF549D1970595E00F0A0F2 /* Foundation.framework */; };
		D2AF54B91970595F00F0A0F2 /* UIKit.framework in Frameworks */ = {isa = PBXBuildFile; fileRef = D2AF54A11970595E00F0A0F2 /* UIKit.framework */; };
		D2AF54C11970595F00F0A0F2 /* InfoPlist.strings in Resources */ = {isa = PBXBuildFile; fileRef = D2AF54BF1970595F00F0A0F2 /* InfoPlist.strings */; };
		D2AF54C31970595F00F0A0F2 /* FBUFoodTests.m in Sources */ = {isa = PBXBuildFile; fileRef = D2AF54C21970595F00F0A0F2 /* FBUFoodTests.m */; };
		D2AF54CD197059B000F0A0F2 /* Main.storyboard in Resources */ = {isa = PBXBuildFile; fileRef = D2AF54CC197059B000F0A0F2 /* Main.storyboard */; };
		D2AF54D319705B4B00F0A0F2 /* FBUProfileViewController.m in Sources */ = {isa = PBXBuildFile; fileRef = D2AF54D219705B4B00F0A0F2 /* FBUProfileViewController.m */; };
		D2AF54D619705DF200F0A0F2 /* FBUDashboardViewController.m in Sources */ = {isa = PBXBuildFile; fileRef = D2AF54D519705DF200F0A0F2 /* FBUDashboardViewController.m */; };
		D2AF54DC1970607A00F0A0F2 /* FBURecipesListViewController.m in Sources */ = {isa = PBXBuildFile; fileRef = D2AF54DB1970607A00F0A0F2 /* FBURecipesListViewController.m */; };
		D2AF54E419706C0100F0A0F2 /* Parse.framework in Frameworks */ = {isa = PBXBuildFile; fileRef = D2AF54E319706C0100F0A0F2 /* Parse.framework */; };
		D2AF54F119706CC800F0A0F2 /* Accounts.framework in Frameworks */ = {isa = PBXBuildFile; fileRef = D2AF54E519706C7200F0A0F2 /* Accounts.framework */; };
		D2AF54F219706CC800F0A0F2 /* AudioToolbox.framework in Frameworks */ = {isa = PBXBuildFile; fileRef = D2AF54EA19706C7200F0A0F2 /* AudioToolbox.framework */; };
		D2AF54FC19706CC800F0A0F2 /* CFNetwork.framework in Frameworks */ = {isa = PBXBuildFile; fileRef = D2AF54F319706CC800F0A0F2 /* CFNetwork.framework */; };
		D2AF54FD19706CC800F0A0F2 /* CoreLocation.framework in Frameworks */ = {isa = PBXBuildFile; fileRef = D2AF54F419706CC800F0A0F2 /* CoreLocation.framework */; };
		D2AF54FE19706CC800F0A0F2 /* libz.dylib in Frameworks */ = {isa = PBXBuildFile; fileRef = D2AF54F519706CC800F0A0F2 /* libz.dylib */; };
		D2AF54FF19706CC800F0A0F2 /* MobileCoreServices.framework in Frameworks */ = {isa = PBXBuildFile; fileRef = D2AF54F619706CC800F0A0F2 /* MobileCoreServices.framework */; };
		D2AF550019706CC800F0A0F2 /* QuartzCore.framework in Frameworks */ = {isa = PBXBuildFile; fileRef = D2AF54F719706CC800F0A0F2 /* QuartzCore.framework */; };
		D2AF550119706CC800F0A0F2 /* Security.framework in Frameworks */ = {isa = PBXBuildFile; fileRef = D2AF54F819706CC800F0A0F2 /* Security.framework */; };
		D2AF550219706CC800F0A0F2 /* Social.framework in Frameworks */ = {isa = PBXBuildFile; fileRef = D2AF54F919706CC800F0A0F2 /* Social.framework */; };
		D2AF550319706CC800F0A0F2 /* StoreKit.framework in Frameworks */ = {isa = PBXBuildFile; fileRef = D2AF54FA19706CC800F0A0F2 /* StoreKit.framework */; };
		D2AF550419706CC800F0A0F2 /* SystemConfiguration.framework in Frameworks */ = {isa = PBXBuildFile; fileRef = D2AF54FB19706CC800F0A0F2 /* SystemConfiguration.framework */; };
		D2D378091980D1AA00CB0EC2 /* FBUGroupSubscribersViewController.m in Sources */ = {isa = PBXBuildFile; fileRef = D2D378081980D1AA00CB0EC2 /* FBUGroupSubscribersViewController.m */; };
		D2D3780C1981A4AD00CB0EC2 /* FBUMapViewController.m in Sources */ = {isa = PBXBuildFile; fileRef = D2D3780B1981A4AD00CB0EC2 /* FBUMapViewController.m */; };
		D2D378131986C3AF00CB0EC2 /* FBUAddRecipesViewController.m in Sources */ = {isa = PBXBuildFile; fileRef = D2D378121986C3AF00CB0EC2 /* FBUAddRecipesViewController.m */; };
		D2D378161989BB3B00CB0EC2 /* FBUGroupsRecipesViewController.m in Sources */ = {isa = PBXBuildFile; fileRef = D2D378151989BB3B00CB0EC2 /* FBUGroupsRecipesViewController.m */; };
		DE74DF31A7804903B5C662C5 /* libPods.a in Frameworks */ = {isa = PBXBuildFile; fileRef = 66DAC9D30A254033A9A255E9 /* libPods.a */; };
/* End PBXBuildFile section */

/* Begin PBXContainerItemProxy section */
		D2AF54BA1970595F00F0A0F2 /* PBXContainerItemProxy */ = {
			isa = PBXContainerItemProxy;
			containerPortal = D2AF54921970595E00F0A0F2 /* Project object */;
			proxyType = 1;
			remoteGlobalIDString = D2AF54991970595E00F0A0F2;
			remoteInfo = FBUFood;
		};
/* End PBXContainerItemProxy section */

/* Begin PBXFileReference section */
		02908DA418054F36AE9F91D9 /* Pods.xcconfig */ = {isa = PBXFileReference; includeInIndex = 1; lastKnownFileType = text.xcconfig; name = Pods.xcconfig; path = Pods/Pods.xcconfig; sourceTree = "<group>"; };
		66DAC9D30A254033A9A255E9 /* libPods.a */ = {isa = PBXFileReference; explicitFileType = archive.ar; includeInIndex = 0; path = libPods.a; sourceTree = BUILT_PRODUCTS_DIR; };
		931404C3197D84F0004D4447 /* FBUEditRecipeViewController.h */ = {isa = PBXFileReference; fileEncoding = 4; lastKnownFileType = sourcecode.c.h; path = FBUEditRecipeViewController.h; sourceTree = "<group>"; };
		931404C4197D84F0004D4447 /* FBUEditRecipeViewController.m */ = {isa = PBXFileReference; fileEncoding = 4; lastKnownFileType = sourcecode.c.objc; path = FBUEditRecipeViewController.m; sourceTree = "<group>"; };
		931404C8197F03F9004D4447 /* FBUBucketListItem.m */ = {isa = PBXFileReference; fileEncoding = 4; lastKnownFileType = sourcecode.c.objc; path = FBUBucketListItem.m; sourceTree = "<group>"; };
		9367F83B1995BF100099354D /* fork&knife.png */ = {isa = PBXFileReference; lastKnownFileType = image.png; path = "fork&knife.png"; sourceTree = "<group>"; };
		9384F8D419992C460035DFEC /* dining.png */ = {isa = PBXFileReference; lastKnownFileType = image.png; path = dining.png; sourceTree = "<group>"; };
		939F6E8F199C0D0100FE90AF /* fb.png */ = {isa = PBXFileReference; lastKnownFileType = image.png; path = fb.png; sourceTree = "<group>"; };
		939F6E91199C17B600FE90AF /* MainBG.png */ = {isa = PBXFileReference; lastKnownFileType = image.png; path = MainBG.png; sourceTree = "<group>"; };
		939F6E93199C17C500FE90AF /* fbDown.png */ = {isa = PBXFileReference; lastKnownFileType = image.png; path = fbDown.png; sourceTree = "<group>"; };
		939F6E95199C180800FE90AF /* Logo.png */ = {isa = PBXFileReference; lastKnownFileType = image.png; path = Logo.png; sourceTree = "<group>"; };
		939F6E9F199C254E00FE90AF /* loginField.png */ = {isa = PBXFileReference; lastKnownFileType = image.png; path = loginField.png; sourceTree = "<group>"; };
		939F6EA1199C352000FE90AF /* login.png */ = {isa = PBXFileReference; lastKnownFileType = image.png; path = login.png; sourceTree = "<group>"; };
		939F6EA2199C352000FE90AF /* loginDown.png */ = {isa = PBXFileReference; lastKnownFileType = image.png; path = loginDown.png; sourceTree = "<group>"; };
		939F6EA9199C3A7300FE90AF /* signup.png */ = {isa = PBXFileReference; lastKnownFileType = image.png; path = signup.png; sourceTree = "<group>"; };
		939F6EAF199C407A00FE90AF /* dismiss.png */ = {isa = PBXFileReference; lastKnownFileType = image.png; path = dismiss.png; sourceTree = "<group>"; };
		939F6EB1199C4CCE00FE90AF /* signupField.png */ = {isa = PBXFileReference; lastKnownFileType = image.png; path = signupField.png; sourceTree = "<group>"; };
		939F6EB3199C527200FE90AF /* signupDown.png */ = {isa = PBXFileReference; lastKnownFileType = image.png; path = signupDown.png; sourceTree = "<group>"; };
		939F6EB5199C529A00FE90AF /* orLabel.png */ = {isa = PBXFileReference; lastKnownFileType = image.png; path = orLabel.png; sourceTree = "<group>"; };
		939F6EB7199C545D00FE90AF /* signupLabel.png */ = {isa = PBXFileReference; lastKnownFileType = image.png; path = signupLabel.png; sourceTree = "<group>"; };
		93A1E3C4199BD54100D5DEB9 /* pin.png */ = {isa = PBXFileReference; lastKnownFileType = image.png; path = pin.png; sourceTree = "<group>"; };
		93B8D2731982BE96009F2D16 /* MapKit.framework */ = {isa = PBXFileReference; lastKnownFileType = wrapper.framework; name = MapKit.framework; path = System/Library/Frameworks/MapKit.framework; sourceTree = SDKROOT; };
		93D9D35A19916B9600ABCC5B /* FBUCollectionCellBackgroundView.h */ = {isa = PBXFileReference; fileEncoding = 4; lastKnownFileType = sourcecode.c.h; path = FBUCollectionCellBackgroundView.h; sourceTree = "<group>"; };
		93D9D35B19916B9600ABCC5B /* FBUCollectionCellBackgroundView.m */ = {isa = PBXFileReference; fileEncoding = 4; lastKnownFileType = sourcecode.c.objc; path = FBUCollectionCellBackgroundView.m; sourceTree = "<group>"; };
		93D9D35D19916BEB00ABCC5B /* FBUCollectionViewLayout.h */ = {isa = PBXFileReference; fileEncoding = 4; lastKnownFileType = sourcecode.c.h; path = FBUCollectionViewLayout.h; sourceTree = "<group>"; };
		93D9D35E19916BEB00ABCC5B /* FBUCollectionViewLayout.m */ = {isa = PBXFileReference; fileEncoding = 4; lastKnownFileType = sourcecode.c.objc; path = FBUCollectionViewLayout.m; sourceTree = "<group>"; };
		93E4BC2D1979C89800074647 /* FBURecipeViewController.h */ = {isa = PBXFileReference; fileEncoding = 4; lastKnownFileType = sourcecode.c.h; path = FBURecipeViewController.h; sourceTree = "<group>"; };
		93E4BC2E1979C89800074647 /* FBURecipeViewController.m */ = {isa = PBXFileReference; fileEncoding = 4; lastKnownFileType = sourcecode.c.objc; path = FBURecipeViewController.m; sourceTree = "<group>"; };
		93ED1EDE198849F9000CF446 /* FBUMapAnnotation.h */ = {isa = PBXFileReference; fileEncoding = 4; lastKnownFileType = sourcecode.c.h; path = FBUMapAnnotation.h; sourceTree = "<group>"; };
		93ED1EDF198849F9000CF446 /* FBUMapAnnotation.m */ = {isa = PBXFileReference; fileEncoding = 4; lastKnownFileType = sourcecode.c.objc; path = FBUMapAnnotation.m; sourceTree = "<group>"; };
		93ED1EE11989A5C6000CF446 /* FBURecipeDishViewController.h */ = {isa = PBXFileReference; fileEncoding = 4; lastKnownFileType = sourcecode.c.h; path = FBURecipeDishViewController.h; sourceTree = "<group>"; };
		93ED1EE21989A5C6000CF446 /* FBURecipeDishViewController.m */ = {isa = PBXFileReference; fileEncoding = 4; lastKnownFileType = sourcecode.c.objc; path = FBURecipeDishViewController.m; sourceTree = "<group>"; };
		93ED1EE61989B675000CF446 /* FBURecipeSegue.h */ = {isa = PBXFileReference; fileEncoding = 4; lastKnownFileType = sourcecode.c.h; path = FBURecipeSegue.h; sourceTree = "<group>"; };
		93ED1EE71989B675000CF446 /* FBURecipeSegue.m */ = {isa = PBXFileReference; fileEncoding = 4; lastKnownFileType = sourcecode.c.objc; path = FBURecipeSegue.m; sourceTree = "<group>"; };
		93ED1EEA1989BC17000CF446 /* FBURecipeIngredientViewController.h */ = {isa = PBXFileReference; fileEncoding = 4; lastKnownFileType = sourcecode.c.h; path = FBURecipeIngredientViewController.h; sourceTree = "<group>"; };
		93ED1EEB1989BC17000CF446 /* FBURecipeIngredientViewController.m */ = {isa = PBXFileReference; fileEncoding = 4; lastKnownFileType = sourcecode.c.objc; path = FBURecipeIngredientViewController.m; sourceTree = "<group>"; };
		93ED1EED1989BC36000CF446 /* FBURecipeDirectionsViewController.h */ = {isa = PBXFileReference; fileEncoding = 4; lastKnownFileType = sourcecode.c.h; path = FBURecipeDirectionsViewController.h; sourceTree = "<group>"; };
		93ED1EEE1989BC36000CF446 /* FBURecipeDirectionsViewController.m */ = {isa = PBXFileReference; fileEncoding = 4; lastKnownFileType = sourcecode.c.objc; path = FBURecipeDirectionsViewController.m; sourceTree = "<group>"; };
		93ED1EF11989BC90000CF446 /* FBURecipeContainerViewController.h */ = {isa = PBXFileReference; fileEncoding = 4; lastKnownFileType = sourcecode.c.h; path = FBURecipeContainerViewController.h; sourceTree = "<group>"; };
		93ED1EF21989BC90000CF446 /* FBURecipeContainerViewController.m */ = {isa = PBXFileReference; fileEncoding = 4; lastKnownFileType = sourcecode.c.objc; path = FBURecipeContainerViewController.m; sourceTree = "<group>"; };
		93F1D0CA197488C2000A1E0E /* FacebookSDK.framework */ = {isa = PBXFileReference; lastKnownFileType = wrapper.framework; path = FacebookSDK.framework; sourceTree = "<group>"; };
		93F1D0CC197488EB000A1E0E /* FBUserSettingsViewResources.bundle */ = {isa = PBXFileReference; lastKnownFileType = "wrapper.plug-in"; path = FBUserSettingsViewResources.bundle; sourceTree = "<group>"; };
		93F248C41981AEC400FC82BD /* FBUSignUpViewController.h */ = {isa = PBXFileReference; fileEncoding = 4; lastKnownFileType = sourcecode.c.h; path = FBUSignUpViewController.h; sourceTree = "<group>"; };
		93F248C51981AEC400FC82BD /* FBUSignUpViewController.m */ = {isa = PBXFileReference; fileEncoding = 4; lastKnownFileType = sourcecode.c.objc; path = FBUSignUpViewController.m; sourceTree = "<group>"; };
		93F248D11981D86300FC82BD /* FBULogInViewController.h */ = {isa = PBXFileReference; fileEncoding = 4; lastKnownFileType = sourcecode.c.h; path = FBULogInViewController.h; sourceTree = "<group>"; };
		93F248D21981D86300FC82BD /* FBULogInViewController.m */ = {isa = PBXFileReference; fileEncoding = 4; lastKnownFileType = sourcecode.c.objc; path = FBULogInViewController.m; sourceTree = "<group>"; };
		9607499C1978985C00853E97 /* FBUGroupsViewController.m */ = {isa = PBXFileReference; fileEncoding = 4; lastKnownFileType = sourcecode.c.objc; path = FBUGroupsViewController.m; sourceTree = "<group>"; };
		9607499E1979D25200853E97 /* FBUBucketListItem.h */ = {isa = PBXFileReference; lastKnownFileType = sourcecode.c.h; path = FBUBucketListItem.h; sourceTree = "<group>"; };
		9663F081199736FF00B69649 /* FBURecipesYummylyViewController.h */ = {isa = PBXFileReference; fileEncoding = 4; lastKnownFileType = sourcecode.c.h; path = FBURecipesYummylyViewController.h; sourceTree = "<group>"; };
		9663F082199736FF00B69649 /* FBURecipesYummylyViewController.m */ = {isa = PBXFileReference; fileEncoding = 4; lastKnownFileType = sourcecode.c.objc; path = FBURecipesYummylyViewController.m; sourceTree = "<group>"; };
		9663F088199840F900B69649 /* RecipeList.jpg */ = {isa = PBXFileReference; lastKnownFileType = image.jpeg; path = RecipeList.jpg; sourceTree = "<group>"; };
		966554D41973B28700DDBED0 /* FBUEditProfileViewController.h */ = {isa = PBXFileReference; fileEncoding = 4; lastKnownFileType = sourcecode.c.h; path = FBUEditProfileViewController.h; sourceTree = "<group>"; };
		966554D51973B28700DDBED0 /* FBUEditProfileViewController.m */ = {isa = PBXFileReference; fileEncoding = 4; lastKnownFileType = sourcecode.c.objc; path = FBUEditProfileViewController.m; sourceTree = "<group>"; };
		966554D7197443B200DDBED0 /* FBUBucketListDetailViewController.h */ = {isa = PBXFileReference; fileEncoding = 4; lastKnownFileType = sourcecode.c.h; path = FBUBucketListDetailViewController.h; sourceTree = "<group>"; };
		966554D8197443B200DDBED0 /* FBUBucketListDetailViewController.m */ = {isa = PBXFileReference; fileEncoding = 4; lastKnownFileType = sourcecode.c.objc; path = FBUBucketListDetailViewController.m; sourceTree = "<group>"; };
		966554DD197450B500DDBED0 /* FBUBucketListItemsViewController.h */ = {isa = PBXFileReference; fileEncoding = 4; lastKnownFileType = sourcecode.c.h; path = FBUBucketListItemsViewController.h; sourceTree = "<group>"; };
		966554DE197450B500DDBED0 /* FBUBucketListItemsViewController.m */ = {isa = PBXFileReference; fileEncoding = 4; lastKnownFileType = sourcecode.c.objc; path = FBUBucketListItemsViewController.m; sourceTree = "<group>"; };
		9681146D199A8F4200039BAB /* FBUYummlyRecipeCell.h */ = {isa = PBXFileReference; fileEncoding = 4; lastKnownFileType = sourcecode.c.h; path = FBUYummlyRecipeCell.h; sourceTree = "<group>"; };
		9681146E199A8F4200039BAB /* FBUYummlyRecipeCell.m */ = {isa = PBXFileReference; fileEncoding = 4; lastKnownFileType = sourcecode.c.objc; path = FBUYummlyRecipeCell.m; sourceTree = "<group>"; };
		968134301994B8EC00F48BD0 /* Imagination.jpg */ = {isa = PBXFileReference; lastKnownFileType = image.jpeg; path = Imagination.jpg; sourceTree = "<group>"; };
		969C8E6B1983060400D0E7B3 /* FBUMembersViewController.h */ = {isa = PBXFileReference; fileEncoding = 4; lastKnownFileType = sourcecode.c.h; path = FBUMembersViewController.h; sourceTree = "<group>"; };
		969C8E6C1983060400D0E7B3 /* FBUMembersViewController.m */ = {isa = PBXFileReference; fileEncoding = 4; lastKnownFileType = sourcecode.c.objc; path = FBUMembersViewController.m; sourceTree = "<group>"; };
		969C8EA9199157E000D0E7B3 /* FBUGroupCollectionViewCell.h */ = {isa = PBXFileReference; fileEncoding = 4; lastKnownFileType = sourcecode.c.h; path = FBUGroupCollectionViewCell.h; sourceTree = "<group>"; };
		969C8EAA199157E000D0E7B3 /* FBUGroupCollectionViewCell.m */ = {isa = PBXFileReference; fileEncoding = 4; lastKnownFileType = sourcecode.c.objc; path = FBUGroupCollectionViewCell.m; sourceTree = "<group>"; };
		969C8EAC1992B8C600D0E7B3 /* BucketList.png */ = {isa = PBXFileReference; lastKnownFileType = image.png; path = BucketList.png; sourceTree = "<group>"; };
		96BC1E811992D95F009953A4 /* New.png */ = {isa = PBXFileReference; lastKnownFileType = image.png; path = New.png; sourceTree = "<group>"; };
		96BC1E831992F6DB009953A4 /* BucketListBackground.jpg */ = {isa = PBXFileReference; lastKnownFileType = image.jpeg; path = BucketListBackground.jpg; sourceTree = "<group>"; };
		96C1E23F197D825300266DB8 /* FBUBucketListViewController.h */ = {isa = PBXFileReference; fileEncoding = 4; lastKnownFileType = sourcecode.c.h; path = FBUBucketListViewController.h; sourceTree = "<group>"; };
		96C1E240197D825300266DB8 /* FBUBucketListViewController.m */ = {isa = PBXFileReference; fileEncoding = 4; lastKnownFileType = sourcecode.c.objc; path = FBUBucketListViewController.m; sourceTree = "<group>"; };
		96C1E243197F01DF00266DB8 /* FBUExploreViewController.h */ = {isa = PBXFileReference; fileEncoding = 4; lastKnownFileType = sourcecode.c.h; path = FBUExploreViewController.h; sourceTree = "<group>"; };
		96C1E244197F01DF00266DB8 /* FBUExploreViewController.m */ = {isa = PBXFileReference; fileEncoding = 4; lastKnownFileType = sourcecode.c.objc; path = FBUExploreViewController.m; sourceTree = "<group>"; };
		96EBDE8D1970AF1300DE0033 /* FBUGroupsListViewController.h */ = {isa = PBXFileReference; fileEncoding = 4; lastKnownFileType = sourcecode.c.h; path = FBUGroupsListViewController.h; sourceTree = "<group>"; };
		96EBDE8E1970AF1300DE0033 /* FBUGroupsListViewController.m */ = {isa = PBXFileReference; fileEncoding = 4; lastKnownFileType = sourcecode.c.objc; path = FBUGroupsListViewController.m; sourceTree = "<group>"; };
		D25A4C9A199581D400267D35 /* FBUGroceryListViewController.h */ = {isa = PBXFileReference; fileEncoding = 4; lastKnownFileType = sourcecode.c.h; path = FBUGroceryListViewController.h; sourceTree = "<group>"; };
		D25A4C9B199581D400267D35 /* FBUGroceryListViewController.m */ = {isa = PBXFileReference; fileEncoding = 4; lastKnownFileType = sourcecode.c.objc; path = FBUGroceryListViewController.m; sourceTree = "<group>"; };
		D25A4CD9199845FD00267D35 /* FBURecipeCollectionViewCell.h */ = {isa = PBXFileReference; fileEncoding = 4; lastKnownFileType = sourcecode.c.h; path = FBURecipeCollectionViewCell.h; sourceTree = "<group>"; };
		D25A4CDA199845FD00267D35 /* FBURecipeCollectionViewCell.m */ = {isa = PBXFileReference; fileEncoding = 4; lastKnownFileType = sourcecode.c.objc; path = FBURecipeCollectionViewCell.m; sourceTree = "<group>"; };
		D260A3141991B57A006BBBDE /* FBUEventCollectionViewCell.h */ = {isa = PBXFileReference; fileEncoding = 4; lastKnownFileType = sourcecode.c.h; path = FBUEventCollectionViewCell.h; sourceTree = "<group>"; };
		D260A3151991B57A006BBBDE /* FBUEventCollectionViewCell.m */ = {isa = PBXFileReference; fileEncoding = 4; lastKnownFileType = sourcecode.c.objc; path = FBUEventCollectionViewCell.m; sourceTree = "<group>"; };
		D28632C819772779007BBD28 /* FBUGroupsDetailViewController.h */ = {isa = PBXFileReference; fileEncoding = 4; lastKnownFileType = sourcecode.c.h; path = FBUGroupsDetailViewController.h; sourceTree = "<group>"; };
		D28632C919772779007BBD28 /* FBUGroupsDetailViewController.m */ = {isa = PBXFileReference; fileEncoding = 4; lastKnownFileType = sourcecode.c.objc; path = FBUGroupsDetailViewController.m; sourceTree = "<group>"; };
		D28632D9197F1E0B007BBD28 /* FBUEventDetailViewController.h */ = {isa = PBXFileReference; fileEncoding = 4; lastKnownFileType = sourcecode.c.h; name = FBUEventDetailViewController.h; path = ../FBUEventDetailViewController.h; sourceTree = "<group>"; };
		D28632DA197F1E0B007BBD28 /* FBUEventDetailViewController.m */ = {isa = PBXFileReference; fileEncoding = 4; lastKnownFileType = sourcecode.c.objc; name = FBUEventDetailViewController.m; path = ../FBUEventDetailViewController.m; sourceTree = "<group>"; };
		D28632DC197F1E4C007BBD28 /* FBUEventViewController.h */ = {isa = PBXFileReference; fileEncoding = 4; lastKnownFileType = sourcecode.c.h; path = FBUEventViewController.h; sourceTree = "<group>"; };
		D28632DD197F1E4C007BBD28 /* FBUEventViewController.m */ = {isa = PBXFileReference; fileEncoding = 4; lastKnownFileType = sourcecode.c.objc; path = FBUEventViewController.m; sourceTree = "<group>"; };
		D295F9951975FBB3000ED2C1 /* FBUGroup.h */ = {isa = PBXFileReference; fileEncoding = 4; lastKnownFileType = sourcecode.c.h; path = FBUGroup.h; sourceTree = "<group>"; };
		D295F9961975FBB3000ED2C1 /* FBUGroup.m */ = {isa = PBXFileReference; fileEncoding = 4; lastKnownFileType = sourcecode.c.objc; path = FBUGroup.m; sourceTree = "<group>"; };
		D295F9981976028F000ED2C1 /* FBUEvent.h */ = {isa = PBXFileReference; fileEncoding = 4; lastKnownFileType = sourcecode.c.h; path = FBUEvent.h; sourceTree = "<group>"; };
		D295F9991976028F000ED2C1 /* FBUEvent.m */ = {isa = PBXFileReference; fileEncoding = 4; lastKnownFileType = sourcecode.c.objc; path = FBUEvent.m; sourceTree = "<group>"; };
		D295F99B1976029D000ED2C1 /* FBURecipe.h */ = {isa = PBXFileReference; fileEncoding = 4; lastKnownFileType = sourcecode.c.h; path = FBURecipe.h; sourceTree = "<group>"; };
		D295F99C1976029D000ED2C1 /* FBURecipe.m */ = {isa = PBXFileReference; fileEncoding = 4; lastKnownFileType = sourcecode.c.objc; path = FBURecipe.m; sourceTree = "<group>"; };
		D295F99E19760D68000ED2C1 /* FBUGroceryList.h */ = {isa = PBXFileReference; fileEncoding = 4; lastKnownFileType = sourcecode.c.h; path = FBUGroceryList.h; sourceTree = "<group>"; };
		D295F99F19760D68000ED2C1 /* FBUGroceryList.m */ = {isa = PBXFileReference; fileEncoding = 4; lastKnownFileType = sourcecode.c.objc; path = FBUGroceryList.m; sourceTree = "<group>"; };
		D2A2CC071999656600D25005 /* FBUUserCollectionViewCell.h */ = {isa = PBXFileReference; fileEncoding = 4; lastKnownFileType = sourcecode.c.h; path = FBUUserCollectionViewCell.h; sourceTree = "<group>"; };
		D2A2CC081999656600D25005 /* FBUUserCollectionViewCell.m */ = {isa = PBXFileReference; fileEncoding = 4; lastKnownFileType = sourcecode.c.objc; path = FBUUserCollectionViewCell.m; sourceTree = "<group>"; };
		D2AF549A1970595E00F0A0F2 /* FBUFood.app */ = {isa = PBXFileReference; explicitFileType = wrapper.application; includeInIndex = 0; path = FBUFood.app; sourceTree = BUILT_PRODUCTS_DIR; };
		D2AF549D1970595E00F0A0F2 /* Foundation.framework */ = {isa = PBXFileReference; lastKnownFileType = wrapper.framework; name = Foundation.framework; path = System/Library/Frameworks/Foundation.framework; sourceTree = SDKROOT; };
		D2AF549F1970595E00F0A0F2 /* CoreGraphics.framework */ = {isa = PBXFileReference; lastKnownFileType = wrapper.framework; name = CoreGraphics.framework; path = System/Library/Frameworks/CoreGraphics.framework; sourceTree = SDKROOT; };
		D2AF54A11970595E00F0A0F2 /* UIKit.framework */ = {isa = PBXFileReference; lastKnownFileType = wrapper.framework; name = UIKit.framework; path = System/Library/Frameworks/UIKit.framework; sourceTree = SDKROOT; };
		D2AF54A51970595F00F0A0F2 /* FBUFood-Info.plist */ = {isa = PBXFileReference; lastKnownFileType = text.plist.xml; path = "FBUFood-Info.plist"; sourceTree = "<group>"; };
		D2AF54A71970595F00F0A0F2 /* en */ = {isa = PBXFileReference; lastKnownFileType = text.plist.strings; name = en; path = en.lproj/InfoPlist.strings; sourceTree = "<group>"; };
		D2AF54A91970595F00F0A0F2 /* main.m */ = {isa = PBXFileReference; lastKnownFileType = sourcecode.c.objc; path = main.m; sourceTree = "<group>"; };
		D2AF54AB1970595F00F0A0F2 /* FBUFood-Prefix.pch */ = {isa = PBXFileReference; lastKnownFileType = sourcecode.c.h; path = "FBUFood-Prefix.pch"; sourceTree = "<group>"; };
		D2AF54AC1970595F00F0A0F2 /* FBUAppDelegate.h */ = {isa = PBXFileReference; lastKnownFileType = sourcecode.c.h; path = FBUAppDelegate.h; sourceTree = "<group>"; };
		D2AF54AD1970595F00F0A0F2 /* FBUAppDelegate.m */ = {isa = PBXFileReference; lastKnownFileType = sourcecode.c.objc; path = FBUAppDelegate.m; sourceTree = "<group>"; };
		D2AF54AF1970595F00F0A0F2 /* Images.xcassets */ = {isa = PBXFileReference; lastKnownFileType = folder.assetcatalog; path = Images.xcassets; sourceTree = "<group>"; };
		D2AF54B51970595F00F0A0F2 /* FBUFoodTests.xctest */ = {isa = PBXFileReference; explicitFileType = wrapper.cfbundle; includeInIndex = 0; path = FBUFoodTests.xctest; sourceTree = BUILT_PRODUCTS_DIR; };
		D2AF54B61970595F00F0A0F2 /* XCTest.framework */ = {isa = PBXFileReference; lastKnownFileType = wrapper.framework; name = XCTest.framework; path = Library/Frameworks/XCTest.framework; sourceTree = DEVELOPER_DIR; };
		D2AF54BE1970595F00F0A0F2 /* FBUFoodTests-Info.plist */ = {isa = PBXFileReference; lastKnownFileType = text.plist.xml; path = "FBUFoodTests-Info.plist"; sourceTree = "<group>"; };
		D2AF54C01970595F00F0A0F2 /* en */ = {isa = PBXFileReference; lastKnownFileType = text.plist.strings; name = en; path = en.lproj/InfoPlist.strings; sourceTree = "<group>"; };
		D2AF54C21970595F00F0A0F2 /* FBUFoodTests.m */ = {isa = PBXFileReference; lastKnownFileType = sourcecode.c.objc; path = FBUFoodTests.m; sourceTree = "<group>"; };
		D2AF54CC197059B000F0A0F2 /* Main.storyboard */ = {isa = PBXFileReference; fileEncoding = 4; lastKnownFileType = file.storyboard; path = Main.storyboard; sourceTree = "<group>"; };
		D2AF54D119705B4B00F0A0F2 /* FBUProfileViewController.h */ = {isa = PBXFileReference; fileEncoding = 4; lastKnownFileType = sourcecode.c.h; path = FBUProfileViewController.h; sourceTree = "<group>"; };
		D2AF54D219705B4B00F0A0F2 /* FBUProfileViewController.m */ = {isa = PBXFileReference; fileEncoding = 4; lastKnownFileType = sourcecode.c.objc; path = FBUProfileViewController.m; sourceTree = "<group>"; };
		D2AF54D419705DF200F0A0F2 /* FBUDashboardViewController.h */ = {isa = PBXFileReference; fileEncoding = 4; lastKnownFileType = sourcecode.c.h; path = FBUDashboardViewController.h; sourceTree = "<group>"; };
		D2AF54D519705DF200F0A0F2 /* FBUDashboardViewController.m */ = {isa = PBXFileReference; fileEncoding = 4; lastKnownFileType = sourcecode.c.objc; path = FBUDashboardViewController.m; sourceTree = "<group>"; };
		D2AF54DA1970607A00F0A0F2 /* FBURecipesListViewController.h */ = {isa = PBXFileReference; fileEncoding = 4; lastKnownFileType = sourcecode.c.h; path = FBURecipesListViewController.h; sourceTree = "<group>"; };
		D2AF54DB1970607A00F0A0F2 /* FBURecipesListViewController.m */ = {isa = PBXFileReference; fileEncoding = 4; lastKnownFileType = sourcecode.c.objc; path = FBURecipesListViewController.m; sourceTree = "<group>"; };
		D2AF54DD197062F100F0A0F2 /* FBUGroupsViewController.h */ = {isa = PBXFileReference; fileEncoding = 4; lastKnownFileType = sourcecode.c.h; path = FBUGroupsViewController.h; sourceTree = "<group>"; };
		D2AF54E319706C0100F0A0F2 /* Parse.framework */ = {isa = PBXFileReference; lastKnownFileType = wrapper.framework; name = Parse.framework; path = FBUFood/Parse.framework; sourceTree = "<group>"; };
		D2AF54E519706C7200F0A0F2 /* Accounts.framework */ = {isa = PBXFileReference; lastKnownFileType = wrapper.framework; name = Accounts.framework; path = System/Library/Frameworks/Accounts.framework; sourceTree = SDKROOT; };
		D2AF54E619706C7200F0A0F2 /* AddressBook.framework */ = {isa = PBXFileReference; lastKnownFileType = wrapper.framework; name = AddressBook.framework; path = System/Library/Frameworks/AddressBook.framework; sourceTree = SDKROOT; };
		D2AF54E719706C7200F0A0F2 /* AddressBookUI.framework */ = {isa = PBXFileReference; lastKnownFileType = wrapper.framework; name = AddressBookUI.framework; path = System/Library/Frameworks/AddressBookUI.framework; sourceTree = SDKROOT; };
		D2AF54E819706C7200F0A0F2 /* AdSupport.framework */ = {isa = PBXFileReference; lastKnownFileType = wrapper.framework; name = AdSupport.framework; path = System/Library/Frameworks/AdSupport.framework; sourceTree = SDKROOT; };
		D2AF54E919706C7200F0A0F2 /* AssetsLibrary.framework */ = {isa = PBXFileReference; lastKnownFileType = wrapper.framework; name = AssetsLibrary.framework; path = System/Library/Frameworks/AssetsLibrary.framework; sourceTree = SDKROOT; };
		D2AF54EA19706C7200F0A0F2 /* AudioToolbox.framework */ = {isa = PBXFileReference; lastKnownFileType = wrapper.framework; name = AudioToolbox.framework; path = System/Library/Frameworks/AudioToolbox.framework; sourceTree = SDKROOT; };
		D2AF54F319706CC800F0A0F2 /* CFNetwork.framework */ = {isa = PBXFileReference; lastKnownFileType = wrapper.framework; name = CFNetwork.framework; path = System/Library/Frameworks/CFNetwork.framework; sourceTree = SDKROOT; };
		D2AF54F419706CC800F0A0F2 /* CoreLocation.framework */ = {isa = PBXFileReference; lastKnownFileType = wrapper.framework; name = CoreLocation.framework; path = System/Library/Frameworks/CoreLocation.framework; sourceTree = SDKROOT; };
		D2AF54F519706CC800F0A0F2 /* libz.dylib */ = {isa = PBXFileReference; lastKnownFileType = "compiled.mach-o.dylib"; name = libz.dylib; path = usr/lib/libz.dylib; sourceTree = SDKROOT; };
		D2AF54F619706CC800F0A0F2 /* MobileCoreServices.framework */ = {isa = PBXFileReference; lastKnownFileType = wrapper.framework; name = MobileCoreServices.framework; path = System/Library/Frameworks/MobileCoreServices.framework; sourceTree = SDKROOT; };
		D2AF54F719706CC800F0A0F2 /* QuartzCore.framework */ = {isa = PBXFileReference; lastKnownFileType = wrapper.framework; name = QuartzCore.framework; path = System/Library/Frameworks/QuartzCore.framework; sourceTree = SDKROOT; };
		D2AF54F819706CC800F0A0F2 /* Security.framework */ = {isa = PBXFileReference; lastKnownFileType = wrapper.framework; name = Security.framework; path = System/Library/Frameworks/Security.framework; sourceTree = SDKROOT; };
		D2AF54F919706CC800F0A0F2 /* Social.framework */ = {isa = PBXFileReference; lastKnownFileType = wrapper.framework; name = Social.framework; path = System/Library/Frameworks/Social.framework; sourceTree = SDKROOT; };
		D2AF54FA19706CC800F0A0F2 /* StoreKit.framework */ = {isa = PBXFileReference; lastKnownFileType = wrapper.framework; name = StoreKit.framework; path = System/Library/Frameworks/StoreKit.framework; sourceTree = SDKROOT; };
		D2AF54FB19706CC800F0A0F2 /* SystemConfiguration.framework */ = {isa = PBXFileReference; lastKnownFileType = wrapper.framework; name = SystemConfiguration.framework; path = System/Library/Frameworks/SystemConfiguration.framework; sourceTree = SDKROOT; };
		D2D378071980D1AA00CB0EC2 /* FBUGroupSubscribersViewController.h */ = {isa = PBXFileReference; fileEncoding = 4; lastKnownFileType = sourcecode.c.h; path = FBUGroupSubscribersViewController.h; sourceTree = "<group>"; };
		D2D378081980D1AA00CB0EC2 /* FBUGroupSubscribersViewController.m */ = {isa = PBXFileReference; fileEncoding = 4; lastKnownFileType = sourcecode.c.objc; path = FBUGroupSubscribersViewController.m; sourceTree = "<group>"; };
		D2D3780A1981A4AD00CB0EC2 /* FBUMapViewController.h */ = {isa = PBXFileReference; fileEncoding = 4; lastKnownFileType = sourcecode.c.h; path = FBUMapViewController.h; sourceTree = "<group>"; };
		D2D3780B1981A4AD00CB0EC2 /* FBUMapViewController.m */ = {isa = PBXFileReference; fileEncoding = 4; lastKnownFileType = sourcecode.c.objc; path = FBUMapViewController.m; sourceTree = "<group>"; };
		D2D378111986C3AF00CB0EC2 /* FBUAddRecipesViewController.h */ = {isa = PBXFileReference; fileEncoding = 4; lastKnownFileType = sourcecode.c.h; path = FBUAddRecipesViewController.h; sourceTree = "<group>"; };
		D2D378121986C3AF00CB0EC2 /* FBUAddRecipesViewController.m */ = {isa = PBXFileReference; fileEncoding = 4; lastKnownFileType = sourcecode.c.objc; path = FBUAddRecipesViewController.m; sourceTree = "<group>"; };
		D2D378141989BB3B00CB0EC2 /* FBUGroupsRecipesViewController.h */ = {isa = PBXFileReference; fileEncoding = 4; lastKnownFileType = sourcecode.c.h; path = FBUGroupsRecipesViewController.h; sourceTree = "<group>"; };
		D2D378151989BB3B00CB0EC2 /* FBUGroupsRecipesViewController.m */ = {isa = PBXFileReference; fileEncoding = 4; lastKnownFileType = sourcecode.c.objc; path = FBUGroupsRecipesViewController.m; sourceTree = "<group>"; };
/* End PBXFileReference section */

/* Begin PBXFrameworksBuildPhase section */
		D2AF54971970595E00F0A0F2 /* Frameworks */ = {
			isa = PBXFrameworksBuildPhase;
			buildActionMask = 2147483647;
			files = (
				93B8D2741982BE96009F2D16 /* MapKit.framework in Frameworks */,
				D2AF54FC19706CC800F0A0F2 /* CFNetwork.framework in Frameworks */,
				D2AF54FD19706CC800F0A0F2 /* CoreLocation.framework in Frameworks */,
				D2AF54FE19706CC800F0A0F2 /* libz.dylib in Frameworks */,
				D2AF54FF19706CC800F0A0F2 /* MobileCoreServices.framework in Frameworks */,
				D2AF550019706CC800F0A0F2 /* QuartzCore.framework in Frameworks */,
				D2AF550119706CC800F0A0F2 /* Security.framework in Frameworks */,
				D2AF550219706CC800F0A0F2 /* Social.framework in Frameworks */,
				D2AF550319706CC800F0A0F2 /* StoreKit.framework in Frameworks */,
				D2AF550419706CC800F0A0F2 /* SystemConfiguration.framework in Frameworks */,
				D2AF54F119706CC800F0A0F2 /* Accounts.framework in Frameworks */,
				D2AF54F219706CC800F0A0F2 /* AudioToolbox.framework in Frameworks */,
				D2AF54A01970595E00F0A0F2 /* CoreGraphics.framework in Frameworks */,
				D2AF54A21970595E00F0A0F2 /* UIKit.framework in Frameworks */,
				93F1D0CB197488C2000A1E0E /* FacebookSDK.framework in Frameworks */,
				D2AF54E419706C0100F0A0F2 /* Parse.framework in Frameworks */,
				D2AF549E1970595E00F0A0F2 /* Foundation.framework in Frameworks */,
				DE74DF31A7804903B5C662C5 /* libPods.a in Frameworks */,
			);
			runOnlyForDeploymentPostprocessing = 0;
		};
		D2AF54B21970595F00F0A0F2 /* Frameworks */ = {
			isa = PBXFrameworksBuildPhase;
			buildActionMask = 2147483647;
			files = (
				D2AF54B71970595F00F0A0F2 /* XCTest.framework in Frameworks */,
				D2AF54B91970595F00F0A0F2 /* UIKit.framework in Frameworks */,
				D2AF54B81970595F00F0A0F2 /* Foundation.framework in Frameworks */,
			);
			runOnlyForDeploymentPostprocessing = 0;
		};
/* End PBXFrameworksBuildPhase section */

/* Begin PBXGroup section */
		930320D61976F38B00629269 /* Profile */ = {
			isa = PBXGroup;
			children = (
				D2AF54D119705B4B00F0A0F2 /* FBUProfileViewController.h */,
				D2AF54D219705B4B00F0A0F2 /* FBUProfileViewController.m */,
				966554D41973B28700DDBED0 /* FBUEditProfileViewController.h */,
				966554D51973B28700DDBED0 /* FBUEditProfileViewController.m */,
			);
			name = Profile;
			sourceTree = "<group>";
		};
		930320D71976F41100629269 /* BucketList */ = {
			isa = PBXGroup;
			children = (
				9607499E1979D25200853E97 /* FBUBucketListItem.h */,
				931404C8197F03F9004D4447 /* FBUBucketListItem.m */,
				96C1E23F197D825300266DB8 /* FBUBucketListViewController.h */,
				96C1E240197D825300266DB8 /* FBUBucketListViewController.m */,
				966554DD197450B500DDBED0 /* FBUBucketListItemsViewController.h */,
				966554DE197450B500DDBED0 /* FBUBucketListItemsViewController.m */,
				966554D7197443B200DDBED0 /* FBUBucketListDetailViewController.h */,
				966554D8197443B200DDBED0 /* FBUBucketListDetailViewController.m */,
			);
			name = BucketList;
			sourceTree = "<group>";
		};
		930320D81976F42000629269 /* Container Views */ = {
			isa = PBXGroup;
			children = (
				93ED1EE11989A5C6000CF446 /* FBURecipeDishViewController.h */,
				93ED1EE21989A5C6000CF446 /* FBURecipeDishViewController.m */,
				93ED1EEA1989BC17000CF446 /* FBURecipeIngredientViewController.h */,
				93ED1EEB1989BC17000CF446 /* FBURecipeIngredientViewController.m */,
				93ED1EED1989BC36000CF446 /* FBURecipeDirectionsViewController.h */,
				93ED1EEE1989BC36000CF446 /* FBURecipeDirectionsViewController.m */,
				93ED1EF11989BC90000CF446 /* FBURecipeContainerViewController.h */,
				93ED1EF21989BC90000CF446 /* FBURecipeContainerViewController.m */,
			);
			name = "Container Views";
			sourceTree = "<group>";
		};
		930320D91976F6E900629269 /* Groups */ = {
			isa = PBXGroup;
			children = (
				D295F9951975FBB3000ED2C1 /* FBUGroup.h */,
				D295F9961975FBB3000ED2C1 /* FBUGroup.m */,
				D2AF54DD197062F100F0A0F2 /* FBUGroupsViewController.h */,
				9607499C1978985C00853E97 /* FBUGroupsViewController.m */,
				96EBDE8D1970AF1300DE0033 /* FBUGroupsListViewController.h */,
				96EBDE8E1970AF1300DE0033 /* FBUGroupsListViewController.m */,
				D28632C819772779007BBD28 /* FBUGroupsDetailViewController.h */,
				D28632C919772779007BBD28 /* FBUGroupsDetailViewController.m */,
				D2D378071980D1AA00CB0EC2 /* FBUGroupSubscribersViewController.h */,
				D2D378081980D1AA00CB0EC2 /* FBUGroupSubscribersViewController.m */,
				969C8EA9199157E000D0E7B3 /* FBUGroupCollectionViewCell.h */,
				969C8EAA199157E000D0E7B3 /* FBUGroupCollectionViewCell.m */,
			);
			name = Groups;
			sourceTree = "<group>";
		};
		939F6EB9199C570A00FE90AF /* Images */ = {
			isa = PBXGroup;
			children = (
				939F6EB7199C545D00FE90AF /* signupLabel.png */,
				939F6EB5199C529A00FE90AF /* orLabel.png */,
				939F6EB1199C4CCE00FE90AF /* signupField.png */,
				939F6EAF199C407A00FE90AF /* dismiss.png */,
				939F6EA9199C3A7300FE90AF /* signup.png */,
				939F6EB3199C527200FE90AF /* signupDown.png */,
				939F6EA1199C352000FE90AF /* login.png */,
				939F6EA2199C352000FE90AF /* loginDown.png */,
				939F6E9F199C254E00FE90AF /* loginField.png */,
				939F6E95199C180800FE90AF /* Logo.png */,
				939F6E91199C17B600FE90AF /* MainBG.png */,
				939F6E93199C17C500FE90AF /* fbDown.png */,
				939F6E8F199C0D0100FE90AF /* fb.png */,
				93A1E3C4199BD54100D5DEB9 /* pin.png */,
				9384F8D419992C460035DFEC /* dining.png */,
				9367F83B1995BF100099354D /* fork&knife.png */,
				969C8EAC1992B8C600D0E7B3 /* BucketList.png */,
				96BC1E811992D95F009953A4 /* New.png */,
				96BC1E831992F6DB009953A4 /* BucketListBackground.jpg */,
				968134301994B8EC00F48BD0 /* Imagination.jpg */,
				9663F088199840F900B69649 /* RecipeList.jpg */,
			);
			name = Images;
			sourceTree = "<group>";
		};
		93E4BC2C1979C2C500074647 /* Events */ = {
			isa = PBXGroup;
			children = (
				D295F9981976028F000ED2C1 /* FBUEvent.h */,
				D295F9991976028F000ED2C1 /* FBUEvent.m */,
				D28632D9197F1E0B007BBD28 /* FBUEventDetailViewController.h */,
				D28632DA197F1E0B007BBD28 /* FBUEventDetailViewController.m */,
				D28632DC197F1E4C007BBD28 /* FBUEventViewController.h */,
				D28632DD197F1E4C007BBD28 /* FBUEventViewController.m */,
			);
			name = Events;
			sourceTree = "<group>";
		};
		93ED1EE91989BBBD000CF446 /* Recipes */ = {
			isa = PBXGroup;
			children = (
				930320D81976F42000629269 /* Container Views */,
				93ED1EF01989BC59000CF446 /* Group View of Recipes */,
				D295F99B1976029D000ED2C1 /* FBURecipe.h */,
				D295F99C1976029D000ED2C1 /* FBURecipe.m */,
				931404C3197D84F0004D4447 /* FBUEditRecipeViewController.h */,
				931404C4197D84F0004D4447 /* FBUEditRecipeViewController.m */,
				D2AF54DA1970607A00F0A0F2 /* FBURecipesListViewController.h */,
				D2AF54DB1970607A00F0A0F2 /* FBURecipesListViewController.m */,
				93E4BC2D1979C89800074647 /* FBURecipeViewController.h */,
				93E4BC2E1979C89800074647 /* FBURecipeViewController.m */,
				93ED1EE61989B675000CF446 /* FBURecipeSegue.h */,
				93ED1EE71989B675000CF446 /* FBURecipeSegue.m */,
				D2D378141989BB3B00CB0EC2 /* FBUGroupsRecipesViewController.h */,
				D2D378151989BB3B00CB0EC2 /* FBUGroupsRecipesViewController.m */,
				9663F081199736FF00B69649 /* FBURecipesYummylyViewController.h */,
				9663F082199736FF00B69649 /* FBURecipesYummylyViewController.m */,
				9681146D199A8F4200039BAB /* FBUYummlyRecipeCell.h */,
				9681146E199A8F4200039BAB /* FBUYummlyRecipeCell.m */,
			);
			name = Recipes;
			sourceTree = "<group>";
		};
		93ED1EF01989BC59000CF446 /* Group View of Recipes */ = {
			isa = PBXGroup;
			children = (
				D2D378111986C3AF00CB0EC2 /* FBUAddRecipesViewController.h */,
				D2D378121986C3AF00CB0EC2 /* FBUAddRecipesViewController.m */,
			);
			name = "Group View of Recipes";
			sourceTree = "<group>";
		};
		93F248C71981AFEC00FC82BD /* Login/Signup */ = {
			isa = PBXGroup;
			children = (
				93F248D11981D86300FC82BD /* FBULogInViewController.h */,
				93F248D21981D86300FC82BD /* FBULogInViewController.m */,
				93F248C41981AEC400FC82BD /* FBUSignUpViewController.h */,
				93F248C51981AEC400FC82BD /* FBUSignUpViewController.m */,
			);
			name = Login/Signup;
			sourceTree = "<group>";
		};
		93FAA48E1991E705005B43AF /* Custom Collection View  */ = {
			isa = PBXGroup;
			children = (
				D2A2CC071999656600D25005 /* FBUUserCollectionViewCell.h */,
				D2A2CC081999656600D25005 /* FBUUserCollectionViewCell.m */,
				D25A4CD9199845FD00267D35 /* FBURecipeCollectionViewCell.h */,
				D25A4CDA199845FD00267D35 /* FBURecipeCollectionViewCell.m */,
				D260A3141991B57A006BBBDE /* FBUEventCollectionViewCell.h */,
				D260A3151991B57A006BBBDE /* FBUEventCollectionViewCell.m */,
				93D9D35A19916B9600ABCC5B /* FBUCollectionCellBackgroundView.h */,
				93D9D35B19916B9600ABCC5B /* FBUCollectionCellBackgroundView.m */,
				93D9D35D19916BEB00ABCC5B /* FBUCollectionViewLayout.h */,
				93D9D35E19916BEB00ABCC5B /* FBUCollectionViewLayout.m */,
			);
			name = "Custom Collection View ";
			sourceTree = "<group>";
		};
		96C1E242197F019500266DB8 /* ExploreApp */ = {
			isa = PBXGroup;
			children = (
				96C1E243197F01DF00266DB8 /* FBUExploreViewController.h */,
				96C1E244197F01DF00266DB8 /* FBUExploreViewController.m */,
			);
			name = ExploreApp;
			sourceTree = "<group>";
		};
		D25A4C9919955FE100267D35 /* Grocery List */ = {
			isa = PBXGroup;
			children = (
				D295F99E19760D68000ED2C1 /* FBUGroceryList.h */,
				D295F99F19760D68000ED2C1 /* FBUGroceryList.m */,
				D25A4C9A199581D400267D35 /* FBUGroceryListViewController.h */,
				D25A4C9B199581D400267D35 /* FBUGroceryListViewController.m */,
			);
			name = "Grocery List";
			sourceTree = "<group>";
		};
		D2AF54911970595E00F0A0F2 = {
			isa = PBXGroup;
			children = (
				D2AF54A31970595E00F0A0F2 /* FBUFood */,
				D2AF54BC1970595F00F0A0F2 /* FBUFoodTests */,
				D2AF549C1970595E00F0A0F2 /* Frameworks */,
				D2AF549B1970595E00F0A0F2 /* Products */,
				02908DA418054F36AE9F91D9 /* Pods.xcconfig */,
			);
			sourceTree = "<group>";
		};
		D2AF549B1970595E00F0A0F2 /* Products */ = {
			isa = PBXGroup;
			children = (
				D2AF549A1970595E00F0A0F2 /* FBUFood.app */,
				D2AF54B51970595F00F0A0F2 /* FBUFoodTests.xctest */,
			);
			name = Products;
			sourceTree = "<group>";
		};
		D2AF549C1970595E00F0A0F2 /* Frameworks */ = {
			isa = PBXGroup;
			children = (
				93B8D2731982BE96009F2D16 /* MapKit.framework */,
				93F1D0CC197488EB000A1E0E /* FBUserSettingsViewResources.bundle */,
				93F1D0CA197488C2000A1E0E /* FacebookSDK.framework */,
				D2AF54F319706CC800F0A0F2 /* CFNetwork.framework */,
				D2AF54F419706CC800F0A0F2 /* CoreLocation.framework */,
				D2AF54F519706CC800F0A0F2 /* libz.dylib */,
				D2AF54F619706CC800F0A0F2 /* MobileCoreServices.framework */,
				D2AF54F719706CC800F0A0F2 /* QuartzCore.framework */,
				D2AF54F819706CC800F0A0F2 /* Security.framework */,
				D2AF54F919706CC800F0A0F2 /* Social.framework */,
				D2AF54FA19706CC800F0A0F2 /* StoreKit.framework */,
				D2AF54FB19706CC800F0A0F2 /* SystemConfiguration.framework */,
				D2AF54E519706C7200F0A0F2 /* Accounts.framework */,
				D2AF54E619706C7200F0A0F2 /* AddressBook.framework */,
				D2AF54E719706C7200F0A0F2 /* AddressBookUI.framework */,
				D2AF54E819706C7200F0A0F2 /* AdSupport.framework */,
				D2AF54E919706C7200F0A0F2 /* AssetsLibrary.framework */,
				D2AF54EA19706C7200F0A0F2 /* AudioToolbox.framework */,
				D2AF54E319706C0100F0A0F2 /* Parse.framework */,
				D2AF549D1970595E00F0A0F2 /* Foundation.framework */,
				D2AF549F1970595E00F0A0F2 /* CoreGraphics.framework */,
				D2AF54A11970595E00F0A0F2 /* UIKit.framework */,
				D2AF54B61970595F00F0A0F2 /* XCTest.framework */,
				66DAC9D30A254033A9A255E9 /* libPods.a */,
			);
			name = Frameworks;
			sourceTree = "<group>";
		};
		D2AF54A31970595E00F0A0F2 /* FBUFood */ = {
			isa = PBXGroup;
			children = (
				D2AF54CC197059B000F0A0F2 /* Main.storyboard */,
				969C8E6B1983060400D0E7B3 /* FBUMembersViewController.h */,
				969C8E6C1983060400D0E7B3 /* FBUMembersViewController.m */,
				D2AF54AC1970595F00F0A0F2 /* FBUAppDelegate.h */,
				D2AF54AD1970595F00F0A0F2 /* FBUAppDelegate.m */,
				939F6EB9199C570A00FE90AF /* Images */,
				D2D3780D1981A4C700CB0EC2 /* Map */,
				96C1E242197F019500266DB8 /* ExploreApp */,
				93E4BC2C1979C2C500074647 /* Events */,
				930320D91976F6E900629269 /* Groups */,
				93ED1EE91989BBBD000CF446 /* Recipes */,
				930320D71976F41100629269 /* BucketList */,
				D25A4C9919955FE100267D35 /* Grocery List */,
				930320D61976F38B00629269 /* Profile */,
				93F248C71981AFEC00FC82BD /* Login/Signup */,
				93FAA48E1991E705005B43AF /* Custom Collection View  */,
				D2AF54D419705DF200F0A0F2 /* FBUDashboardViewController.h */,
				D2AF54D519705DF200F0A0F2 /* FBUDashboardViewController.m */,
				D2AF54AF1970595F00F0A0F2 /* Images.xcassets */,
				D2AF54A41970595F00F0A0F2 /* Supporting Files */,
			);
			path = FBUFood;
			sourceTree = "<group>";
		};
		D2AF54A41970595F00F0A0F2 /* Supporting Files */ = {
			isa = PBXGroup;
			children = (
				D2AF54A51970595F00F0A0F2 /* FBUFood-Info.plist */,
				D2AF54A61970595F00F0A0F2 /* InfoPlist.strings */,
				D2AF54A91970595F00F0A0F2 /* main.m */,
				D2AF54AB1970595F00F0A0F2 /* FBUFood-Prefix.pch */,
			);
			name = "Supporting Files";
			sourceTree = "<group>";
		};
		D2AF54BC1970595F00F0A0F2 /* FBUFoodTests */ = {
			isa = PBXGroup;
			children = (
				D2AF54C21970595F00F0A0F2 /* FBUFoodTests.m */,
				D2AF54BD1970595F00F0A0F2 /* Supporting Files */,
			);
			path = FBUFoodTests;
			sourceTree = "<group>";
		};
		D2AF54BD1970595F00F0A0F2 /* Supporting Files */ = {
			isa = PBXGroup;
			children = (
				D2AF54BE1970595F00F0A0F2 /* FBUFoodTests-Info.plist */,
				D2AF54BF1970595F00F0A0F2 /* InfoPlist.strings */,
			);
			name = "Supporting Files";
			sourceTree = "<group>";
		};
		D2D3780D1981A4C700CB0EC2 /* Map */ = {
			isa = PBXGroup;
			children = (
				D2D3780A1981A4AD00CB0EC2 /* FBUMapViewController.h */,
				D2D3780B1981A4AD00CB0EC2 /* FBUMapViewController.m */,
				93ED1EDE198849F9000CF446 /* FBUMapAnnotation.h */,
				93ED1EDF198849F9000CF446 /* FBUMapAnnotation.m */,
			);
			name = Map;
			sourceTree = "<group>";
		};
/* End PBXGroup section */

/* Begin PBXNativeTarget section */
		D2AF54991970595E00F0A0F2 /* FBUFood */ = {
			isa = PBXNativeTarget;
			buildConfigurationList = D2AF54C61970595F00F0A0F2 /* Build configuration list for PBXNativeTarget "FBUFood" */;
			buildPhases = (
				2B9C0B9FF3B444C296667F8A /* Check Pods Manifest.lock */,
				D2AF54961970595E00F0A0F2 /* Sources */,
				D2AF54971970595E00F0A0F2 /* Frameworks */,
				D2AF54981970595E00F0A0F2 /* Resources */,
				711BCB592B2B4F4EBE19FCCF /* Copy Pods Resources */,
			);
			buildRules = (
			);
			dependencies = (
			);
			name = FBUFood;
			productName = FBUFood;
			productReference = D2AF549A1970595E00F0A0F2 /* FBUFood.app */;
			productType = "com.apple.product-type.application";
		};
		D2AF54B41970595F00F0A0F2 /* FBUFoodTests */ = {
			isa = PBXNativeTarget;
			buildConfigurationList = D2AF54C91970595F00F0A0F2 /* Build configuration list for PBXNativeTarget "FBUFoodTests" */;
			buildPhases = (
				D2AF54B11970595F00F0A0F2 /* Sources */,
				D2AF54B21970595F00F0A0F2 /* Frameworks */,
				D2AF54B31970595F00F0A0F2 /* Resources */,
			);
			buildRules = (
			);
			dependencies = (
				D2AF54BB1970595F00F0A0F2 /* PBXTargetDependency */,
			);
			name = FBUFoodTests;
			productName = FBUFoodTests;
			productReference = D2AF54B51970595F00F0A0F2 /* FBUFoodTests.xctest */;
			productType = "com.apple.product-type.bundle.unit-test";
		};
/* End PBXNativeTarget section */

/* Begin PBXProject section */
		D2AF54921970595E00F0A0F2 /* Project object */ = {
			isa = PBXProject;
			attributes = {
				CLASSPREFIX = FBU;
				LastUpgradeCheck = 0510;
				ORGANIZATIONNAME = FacebookU;
				TargetAttributes = {
					D2AF54991970595E00F0A0F2 = {
						DevelopmentTeam = 33WPRZMU33;
					};
					D2AF54B41970595F00F0A0F2 = {
						TestTargetID = D2AF54991970595E00F0A0F2;
					};
				};
			};
			buildConfigurationList = D2AF54951970595E00F0A0F2 /* Build configuration list for PBXProject "FBUFood" */;
			compatibilityVersion = "Xcode 3.2";
			developmentRegion = English;
			hasScannedForEncodings = 0;
			knownRegions = (
				en,
			);
			mainGroup = D2AF54911970595E00F0A0F2;
			productRefGroup = D2AF549B1970595E00F0A0F2 /* Products */;
			projectDirPath = "";
			projectRoot = "";
			targets = (
				D2AF54991970595E00F0A0F2 /* FBUFood */,
				D2AF54B41970595F00F0A0F2 /* FBUFoodTests */,
			);
		};
/* End PBXProject section */

/* Begin PBXResourcesBuildPhase section */
		D2AF54981970595E00F0A0F2 /* Resources */ = {
			isa = PBXResourcesBuildPhase;
			buildActionMask = 2147483647;
			files = (
				93F1D0CD197488EB000A1E0E /* FBUserSettingsViewResources.bundle in Resources */,
				969C8EAD1992B8C600D0E7B3 /* BucketList.png in Resources */,
				96BC1E821992D95F009953A4 /* New.png in Resources */,
				939F6EB0199C407A00FE90AF /* dismiss.png in Resources */,
				D2AF54CD197059B000F0A0F2 /* Main.storyboard in Resources */,
				9384F8D519992C460035DFEC /* dining.png in Resources */,
				D2AF54A81970595F00F0A0F2 /* InfoPlist.strings in Resources */,
				96BC1E841992F6DB009953A4 /* BucketListBackground.jpg in Resources */,
				9663F089199840F900B69649 /* RecipeList.jpg in Resources */,
				9367F83C1995BF100099354D /* fork&knife.png in Resources */,
				939F6EA6199C352000FE90AF /* loginDown.png in Resources */,
				939F6EB2199C4CCE00FE90AF /* signupField.png in Resources */,
				939F6EB4199C527200FE90AF /* signupDown.png in Resources */,
				93A1E3C5199BD54100D5DEB9 /* pin.png in Resources */,
				968134311994B8EC00F48BD0 /* Imagination.jpg in Resources */,
				939F6EB6199C529A00FE90AF /* orLabel.png in Resources */,
				939F6E92199C17B600FE90AF /* MainBG.png in Resources */,
				939F6E96199C180800FE90AF /* Logo.png in Resources */,
				939F6EA5199C352000FE90AF /* login.png in Resources */,
				D2AF54B01970595F00F0A0F2 /* Images.xcassets in Resources */,
				939F6EB8199C545D00FE90AF /* signupLabel.png in Resources */,
				939F6E90199C0D0100FE90AF /* fb.png in Resources */,
				939F6E94199C17C500FE90AF /* fbDown.png in Resources */,
				939F6EA0199C254E00FE90AF /* loginField.png in Resources */,
				939F6EAB199C3A7300FE90AF /* signup.png in Resources */,
			);
			runOnlyForDeploymentPostprocessing = 0;
		};
		D2AF54B31970595F00F0A0F2 /* Resources */ = {
			isa = PBXResourcesBuildPhase;
			buildActionMask = 2147483647;
			files = (
				D2AF54C11970595F00F0A0F2 /* InfoPlist.strings in Resources */,
			);
			runOnlyForDeploymentPostprocessing = 0;
		};
/* End PBXResourcesBuildPhase section */

/* Begin PBXShellScriptBuildPhase section */
		2B9C0B9FF3B444C296667F8A /* Check Pods Manifest.lock */ = {
			isa = PBXShellScriptBuildPhase;
			buildActionMask = 2147483647;
			files = (
			);
			inputPaths = (
			);
			name = "Check Pods Manifest.lock";
			outputPaths = (
			);
			runOnlyForDeploymentPostprocessing = 0;
			shellPath = /bin/sh;
			shellScript = "diff \"${PODS_ROOT}/../Podfile.lock\" \"${PODS_ROOT}/Manifest.lock\" > /dev/null\nif [[ $? != 0 ]] ; then\n    cat << EOM\nerror: The sandbox is not in sync with the Podfile.lock. Run 'pod install' or update your CocoaPods installation.\nEOM\n    exit 1\nfi\n";
			showEnvVarsInLog = 0;
		};
		711BCB592B2B4F4EBE19FCCF /* Copy Pods Resources */ = {
			isa = PBXShellScriptBuildPhase;
			buildActionMask = 2147483647;
			files = (
			);
			inputPaths = (
			);
			name = "Copy Pods Resources";
			outputPaths = (
			);
			runOnlyForDeploymentPostprocessing = 0;
			shellPath = /bin/sh;
			shellScript = "\"${SRCROOT}/Pods/Pods-resources.sh\"\n";
			showEnvVarsInLog = 0;
		};
/* End PBXShellScriptBuildPhase section */

/* Begin PBXSourcesBuildPhase section */
		D2AF54961970595E00F0A0F2 /* Sources */ = {
			isa = PBXSourcesBuildPhase;
			buildActionMask = 2147483647;
			files = (
				931404C9197F03F9004D4447 /* FBUBucketListItem.m in Sources */,
				D2A2CC091999656600D25005 /* FBUUserCollectionViewCell.m in Sources */,
				9607499D1978985C00853E97 /* FBUGroupsViewController.m in Sources */,
				D28632DE197F1E4C007BBD28 /* FBUEventViewController.m in Sources */,
				D295F99D1976029D000ED2C1 /* FBURecipe.m in Sources */,
				D25A4C9C199581D400267D35 /* FBUGroceryListViewController.m in Sources */,
				969C8E6D1983060400D0E7B3 /* FBUMembersViewController.m in Sources */,
				966554D61973B28700DDBED0 /* FBUEditProfileViewController.m in Sources */,
				93D9D35F19916BEB00ABCC5B /* FBUCollectionViewLayout.m in Sources */,
				D2AF54D619705DF200F0A0F2 /* FBUDashboardViewController.m in Sources */,
				D2D378161989BB3B00CB0EC2 /* FBUGroupsRecipesViewController.m in Sources */,
				D28632DB197F1E0B007BBD28 /* FBUEventDetailViewController.m in Sources */,
				966554D9197443B200DDBED0 /* FBUBucketListDetailViewController.m in Sources */,
				D2D3780C1981A4AD00CB0EC2 /* FBUMapViewController.m in Sources */,
				931404C5197D84F0004D4447 /* FBUEditRecipeViewController.m in Sources */,
				93F248D31981D86300FC82BD /* FBULogInViewController.m in Sources */,
				D260A3161991B57A006BBBDE /* FBUEventCollectionViewCell.m in Sources */,
				D295F99A1976028F000ED2C1 /* FBUEvent.m in Sources */,
				93ED1EEC1989BC17000CF446 /* FBURecipeIngredientViewController.m in Sources */,
				D2D378131986C3AF00CB0EC2 /* FBUAddRecipesViewController.m in Sources */,
				93ED1EF31989BC90000CF446 /* FBURecipeContainerViewController.m in Sources */,
				D25A4CDB199845FD00267D35 /* FBURecipeCollectionViewCell.m in Sources */,
				96C1E245197F01DF00266DB8 /* FBUExploreViewController.m in Sources */,
				D2D378091980D1AA00CB0EC2 /* FBUGroupSubscribersViewController.m in Sources */,
				D2AF54AE1970595F00F0A0F2 /* FBUAppDelegate.m in Sources */,
				93ED1EE0198849F9000CF446 /* FBUMapAnnotation.m in Sources */,
				93F248C61981AEC400FC82BD /* FBUSignUpViewController.m in Sources */,
				D2AF54D319705B4B00F0A0F2 /* FBUProfileViewController.m in Sources */,
				966554DF197450B500DDBED0 /* FBUBucketListItemsViewController.m in Sources */,
				969C8EAB199157E000D0E7B3 /* FBUGroupCollectionViewCell.m in Sources */,
				D2AF54DC1970607A00F0A0F2 /* FBURecipesListViewController.m in Sources */,
				93D9D35C19916B9600ABCC5B /* FBUCollectionCellBackgroundView.m in Sources */,
				96EBDE8F1970AF1300DE0033 /* FBUGroupsListViewController.m in Sources */,
				D28632CB19772779007BBD28 /* FBUGroupsDetailViewController.m in Sources */,
				93E4BC2F1979C89800074647 /* FBURecipeViewController.m in Sources */,
				93ED1EE81989B675000CF446 /* FBURecipeSegue.m in Sources */,
				D295F9971975FBB3000ED2C1 /* FBUGroup.m in Sources */,
				9681146F199A8F4200039BAB /* FBUYummlyRecipeCell.m in Sources */,
				93ED1EEF1989BC36000CF446 /* FBURecipeDirectionsViewController.m in Sources */,
				D295F9A019760D68000ED2C1 /* FBUGroceryList.m in Sources */,
				9663F083199736FF00B69649 /* FBURecipesYummylyViewController.m in Sources */,
				D2AF54AA1970595F00F0A0F2 /* main.m in Sources */,
				96C1E241197D825300266DB8 /* FBUBucketListViewController.m in Sources */,
				93ED1EE31989A5C6000CF446 /* FBURecipeDishViewController.m in Sources */,
			);
			runOnlyForDeploymentPostprocessing = 0;
		};
		D2AF54B11970595F00F0A0F2 /* Sources */ = {
			isa = PBXSourcesBuildPhase;
			buildActionMask = 2147483647;
			files = (
				D2AF54C31970595F00F0A0F2 /* FBUFoodTests.m in Sources */,
			);
			runOnlyForDeploymentPostprocessing = 0;
		};
/* End PBXSourcesBuildPhase section */

/* Begin PBXTargetDependency section */
		D2AF54BB1970595F00F0A0F2 /* PBXTargetDependency */ = {
			isa = PBXTargetDependency;
			target = D2AF54991970595E00F0A0F2 /* FBUFood */;
			targetProxy = D2AF54BA1970595F00F0A0F2 /* PBXContainerItemProxy */;
		};
/* End PBXTargetDependency section */

/* Begin PBXVariantGroup section */
		D2AF54A61970595F00F0A0F2 /* InfoPlist.strings */ = {
			isa = PBXVariantGroup;
			children = (
				D2AF54A71970595F00F0A0F2 /* en */,
			);
			name = InfoPlist.strings;
			sourceTree = "<group>";
		};
		D2AF54BF1970595F00F0A0F2 /* InfoPlist.strings */ = {
			isa = PBXVariantGroup;
			children = (
				D2AF54C01970595F00F0A0F2 /* en */,
			);
			name = InfoPlist.strings;
			sourceTree = "<group>";
		};
/* End PBXVariantGroup section */

/* Begin XCBuildConfiguration section */
		D2AF54C41970595F00F0A0F2 /* Debug */ = {
			isa = XCBuildConfiguration;
			buildSettings = {
				ALWAYS_SEARCH_USER_PATHS = NO;
				CLANG_CXX_LANGUAGE_STANDARD = "gnu++0x";
				CLANG_CXX_LIBRARY = "libc++";
				CLANG_ENABLE_MODULES = YES;
				CLANG_ENABLE_OBJC_ARC = YES;
				CLANG_WARN_BOOL_CONVERSION = YES;
				CLANG_WARN_CONSTANT_CONVERSION = YES;
				CLANG_WARN_DIRECT_OBJC_ISA_USAGE = YES_ERROR;
				CLANG_WARN_EMPTY_BODY = YES;
				CLANG_WARN_ENUM_CONVERSION = YES;
				CLANG_WARN_INT_CONVERSION = YES;
				CLANG_WARN_OBJC_ROOT_CLASS = YES_ERROR;
				CLANG_WARN__DUPLICATE_METHOD_MATCH = YES;
				CODE_SIGN_IDENTITY = "Apple Development IOS Push Services: com.facebookU.FBUFood";
				"CODE_SIGN_IDENTITY[sdk=iphoneos*]" = "Apple Development IOS Push Services: com.facebookU.FBUFood";
				COPY_PHASE_STRIP = NO;
				GCC_C_LANGUAGE_STANDARD = gnu99;
				GCC_DYNAMIC_NO_PIC = NO;
				GCC_OPTIMIZATION_LEVEL = 0;
				GCC_PREPROCESSOR_DEFINITIONS = (
					"DEBUG=1",
					"$(inherited)",
				);
				GCC_SYMBOLS_PRIVATE_EXTERN = NO;
				GCC_WARN_64_TO_32_BIT_CONVERSION = YES;
				GCC_WARN_ABOUT_RETURN_TYPE = YES_ERROR;
				GCC_WARN_UNDECLARED_SELECTOR = YES;
				GCC_WARN_UNINITIALIZED_AUTOS = YES_AGGRESSIVE;
				GCC_WARN_UNUSED_FUNCTION = YES;
				GCC_WARN_UNUSED_VARIABLE = YES;
				IPHONEOS_DEPLOYMENT_TARGET = 7.1;
				ONLY_ACTIVE_ARCH = YES;
				SDKROOT = iphoneos;
			};
			name = Debug;
		};
		D2AF54C51970595F00F0A0F2 /* Release */ = {
			isa = XCBuildConfiguration;
			buildSettings = {
				ALWAYS_SEARCH_USER_PATHS = NO;
				CLANG_CXX_LANGUAGE_STANDARD = "gnu++0x";
				CLANG_CXX_LIBRARY = "libc++";
				CLANG_ENABLE_MODULES = YES;
				CLANG_ENABLE_OBJC_ARC = YES;
				CLANG_WARN_BOOL_CONVERSION = YES;
				CLANG_WARN_CONSTANT_CONVERSION = YES;
				CLANG_WARN_DIRECT_OBJC_ISA_USAGE = YES_ERROR;
				CLANG_WARN_EMPTY_BODY = YES;
				CLANG_WARN_ENUM_CONVERSION = YES;
				CLANG_WARN_INT_CONVERSION = YES;
				CLANG_WARN_OBJC_ROOT_CLASS = YES_ERROR;
				CLANG_WARN__DUPLICATE_METHOD_MATCH = YES;
				CODE_SIGN_IDENTITY = "Apple Development IOS Push Services: com.facebookU.FBUFood";
				"CODE_SIGN_IDENTITY[sdk=iphoneos*]" = "Apple Development IOS Push Services: com.facebookU.FBUFood";
				COPY_PHASE_STRIP = YES;
				ENABLE_NS_ASSERTIONS = NO;
				GCC_C_LANGUAGE_STANDARD = gnu99;
				GCC_WARN_64_TO_32_BIT_CONVERSION = YES;
				GCC_WARN_ABOUT_RETURN_TYPE = YES_ERROR;
				GCC_WARN_UNDECLARED_SELECTOR = YES;
				GCC_WARN_UNINITIALIZED_AUTOS = YES_AGGRESSIVE;
				GCC_WARN_UNUSED_FUNCTION = YES;
				GCC_WARN_UNUSED_VARIABLE = YES;
				IPHONEOS_DEPLOYMENT_TARGET = 7.1;
				SDKROOT = iphoneos;
				VALIDATE_PRODUCT = YES;
			};
			name = Release;
		};
		D2AF54C71970595F00F0A0F2 /* Debug */ = {
			isa = XCBuildConfiguration;
			baseConfigurationReference = 02908DA418054F36AE9F91D9 /* Pods.xcconfig */;
			buildSettings = {
				ASSETCATALOG_COMPILER_APPICON_NAME = AppIcon;
				ASSETCATALOG_COMPILER_LAUNCHIMAGE_NAME = LaunchImage;
				CODE_SIGN_IDENTITY = "iPhone Developer";
				"CODE_SIGN_IDENTITY[sdk=iphoneos*]" = "iPhone Developer";
				FRAMEWORK_SEARCH_PATHS = (
					"$(inherited)",
					"$(PROJECT_DIR)/FBUFood",
					"$(PROJECT_DIR)",
				);
				GCC_PRECOMPILE_PREFIX_HEADER = YES;
				GCC_PREFIX_HEADER = "FBUFood/FBUFood-Prefix.pch";
				INFOPLIST_FILE = "FBUFood/FBUFood-Info.plist";
				PRODUCT_NAME = "$(TARGET_NAME)";
				PROVISIONING_PROFILE = "";
				WRAPPER_EXTENSION = app;
			};
			name = Debug;
		};
		D2AF54C81970595F00F0A0F2 /* Release */ = {
			isa = XCBuildConfiguration;
			baseConfigurationReference = 02908DA418054F36AE9F91D9 /* Pods.xcconfig */;
			buildSettings = {
				ASSETCATALOG_COMPILER_APPICON_NAME = AppIcon;
				ASSETCATALOG_COMPILER_LAUNCHIMAGE_NAME = LaunchImage;
				CODE_SIGN_IDENTITY = "iPhone Developer";
				"CODE_SIGN_IDENTITY[sdk=iphoneos*]" = "iPhone Developer";
				FRAMEWORK_SEARCH_PATHS = (
					"$(inherited)",
					"$(PROJECT_DIR)/FBUFood",
					"$(PROJECT_DIR)",
				);
				GCC_PRECOMPILE_PREFIX_HEADER = YES;
				GCC_PREFIX_HEADER = "FBUFood/FBUFood-Prefix.pch";
				INFOPLIST_FILE = "FBUFood/FBUFood-Info.plist";
				PRODUCT_NAME = "$(TARGET_NAME)";
				PROVISIONING_PROFILE = "";
				WRAPPER_EXTENSION = app;
			};
			name = Release;
		};
		D2AF54CA1970595F00F0A0F2 /* Debug */ = {
			isa = XCBuildConfiguration;
			buildSettings = {
				BUNDLE_LOADER = "$(BUILT_PRODUCTS_DIR)/FBUFood.app/FBUFood";
				FRAMEWORK_SEARCH_PATHS = (
					"$(SDKROOT)/Developer/Library/Frameworks",
					"$(inherited)",
					"$(DEVELOPER_FRAMEWORKS_DIR)",
				);
				GCC_PRECOMPILE_PREFIX_HEADER = YES;
				GCC_PREFIX_HEADER = "FBUFood/FBUFood-Prefix.pch";
				GCC_PREPROCESSOR_DEFINITIONS = (
					"DEBUG=1",
					"$(inherited)",
				);
				INFOPLIST_FILE = "FBUFoodTests/FBUFoodTests-Info.plist";
				PRODUCT_NAME = "$(TARGET_NAME)";
				TEST_HOST = "$(BUNDLE_LOADER)";
				WRAPPER_EXTENSION = xctest;
			};
			name = Debug;
		};
		D2AF54CB1970595F00F0A0F2 /* Release */ = {
			isa = XCBuildConfiguration;
			buildSettings = {
				BUNDLE_LOADER = "$(BUILT_PRODUCTS_DIR)/FBUFood.app/FBUFood";
				FRAMEWORK_SEARCH_PATHS = (
					"$(SDKROOT)/Developer/Library/Frameworks",
					"$(inherited)",
					"$(DEVELOPER_FRAMEWORKS_DIR)",
				);
				GCC_PRECOMPILE_PREFIX_HEADER = YES;
				GCC_PREFIX_HEADER = "FBUFood/FBUFood-Prefix.pch";
				INFOPLIST_FILE = "FBUFoodTests/FBUFoodTests-Info.plist";
				PRODUCT_NAME = "$(TARGET_NAME)";
				TEST_HOST = "$(BUNDLE_LOADER)";
				WRAPPER_EXTENSION = xctest;
			};
			name = Release;
		};
/* End XCBuildConfiguration section */

/* Begin XCConfigurationList section */
		D2AF54951970595E00F0A0F2 /* Build configuration list for PBXProject "FBUFood" */ = {
			isa = XCConfigurationList;
			buildConfigurations = (
				D2AF54C41970595F00F0A0F2 /* Debug */,
				D2AF54C51970595F00F0A0F2 /* Release */,
			);
			defaultConfigurationIsVisible = 0;
			defaultConfigurationName = Release;
		};
		D2AF54C61970595F00F0A0F2 /* Build configuration list for PBXNativeTarget "FBUFood" */ = {
			isa = XCConfigurationList;
			buildConfigurations = (
				D2AF54C71970595F00F0A0F2 /* Debug */,
				D2AF54C81970595F00F0A0F2 /* Release */,
			);
			defaultConfigurationIsVisible = 0;
			defaultConfigurationName = Release;
		};
		D2AF54C91970595F00F0A0F2 /* Build configuration list for PBXNativeTarget "FBUFoodTests" */ = {
			isa = XCConfigurationList;
			buildConfigurations = (
				D2AF54CA1970595F00F0A0F2 /* Debug */,
				D2AF54CB1970595F00F0A0F2 /* Release */,
			);
			defaultConfigurationIsVisible = 0;
			defaultConfigurationName = Release;
		};
/* End XCConfigurationList section */
	};
	rootObject = D2AF54921970595E00F0A0F2 /* Project object */;
}
